
Microsoft Visual Studio Solution File, Format Version 12.00
# Visual Studio Version 17
VisualStudioVersion = 17.10.34928.147
MinimumVisualStudioVersion = 10.0.40219.1
Project("{9A19103F-16F7-4668-BE54-9A1E7A4F7556}") = "OnlineChats.API", "OnlineChats.Project\OnlineChats.API.csproj", "{82085A35-F9FF-42F6-8AC8-4F92F6A49F7B}"
EndProject
Project("{9A19103F-16F7-4668-BE54-9A1E7A4F7556}") = "OnlineChats.DAL", "OnlineChats.DAL\OnlineChats.DAL.csproj", "{9C337A71-7B5B-436E-875A-4FCF3346AFE5}"
EndProject
Project("{9A19103F-16F7-4668-BE54-9A1E7A4F7556}") = "OnlineChats.Domain", "OnlineChats.Domain\OnlineChats.Domain.csproj", "{00DFE801-B88A-43D3-8994-D9D4030849A7}"
EndProject
Project("{FAE04EC0-301F-11D3-BF4B-00C04F79EFBC}") = "OnlineChats.Application", "OnlineChats.Application\OnlineChats.Application.csproj", "{9E0A8F5E-51B8-4547-A540-ACD9CF2CCBA2}"
EndProject
Global
	GlobalSection(SolutionConfigurationPlatforms) = preSolution
		Debug|Any CPU = Debug|Any CPU
		Release|Any CPU = Release|Any CPU
	EndGlobalSection
	GlobalSection(ProjectConfigurationPlatforms) = postSolution
		{82085A35-F9FF-42F6-8AC8-4F92F6A49F7B}.Debug|Any CPU.ActiveCfg = Debug|Any CPU
		{82085A35-F9FF-42F6-8AC8-4F92F6A49F7B}.Debug|Any CPU.Build.0 = Debug|Any CPU
		{82085A35-F9FF-42F6-8AC8-4F92F6A49F7B}.Release|Any CPU.ActiveCfg = Release|Any CPU
		{82085A35-F9FF-42F6-8AC8-4F92F6A49F7B}.Release|Any CPU.Build.0 = Release|Any CPU
		{9C337A71-7B5B-436E-875A-4FCF3346AFE5}.Debug|Any CPU.ActiveCfg = Debug|Any CPU
		{9C337A71-7B5B-436E-875A-4FCF3346AFE5}.Debug|Any CPU.Build.0 = Debug|Any CPU
		{9C337A71-7B5B-436E-875A-4FCF3346AFE5}.Release|Any CPU.ActiveCfg = Release|Any CPU
		{9C337A71-7B5B-436E-875A-4FCF3346AFE5}.Release|Any CPU.Build.0 = Release|Any CPU
		{00DFE801-B88A-43D3-8994-D9D4030849A7}.Debug|Any CPU.ActiveCfg = Debug|Any CPU
		{00DFE801-B88A-43D3-8994-D9D4030849A7}.Debug|Any CPU.Build.0 = Debug|Any CPU
		{00DFE801-B88A-43D3-8994-D9D4030849A7}.Release|Any CPU.ActiveCfg = Release|Any CPU
		{00DFE801-B88A-43D3-8994-D9D4030849A7}.Release|Any CPU.Build.0 = Release|Any CPU
		{9E0A8F5E-51B8-4547-A540-ACD9CF2CCBA2}.Debug|Any CPU.ActiveCfg = Debug|Any CPU
		{9E0A8F5E-51B8-4547-A540-ACD9CF2CCBA2}.Debug|Any CPU.Build.0 = Debug|Any CPU
		{9E0A8F5E-51B8-4547-A540-ACD9CF2CCBA2}.Release|Any CPU.ActiveCfg = Release|Any CPU
		{9E0A8F5E-51B8-4547-A540-ACD9CF2CCBA2}.Release|Any CPU.Build.0 = Release|Any CPU
	EndGlobalSection
	GlobalSection(SolutionProperties) = preSolution
		HideSolutionNode = FALSE
	EndGlobalSection
	GlobalSection(ExtensibilityGlobals) = postSolution
		SolutionGuid = {304EEF16-7141-45F6-8BE1-20BB5BB8E910}
	EndGlobalSection
EndGlobal
